// !$*UTF8*$!
{
	archiveVersion = 1;
	classes = {
	};
	objectVersion = 56;
	objects = {

/* Begin PBXBuildFile section */
		D41EE8CA2AC8B5D0003D63EE /* AppDelegate.swift in Sources */ = {isa = PBXBuildFile; fileRef = D41EE8C92AC8B5D0003D63EE /* AppDelegate.swift */; };
		D41EE8CC2AC8B5D0003D63EE /* SceneDelegate.swift in Sources */ = {isa = PBXBuildFile; fileRef = D41EE8CB2AC8B5D0003D63EE /* SceneDelegate.swift */; };
		D41EE8CE2AC8B5D0003D63EE /* AnimationListVC.swift in Sources */ = {isa = PBXBuildFile; fileRef = D41EE8CD2AC8B5D0003D63EE /* AnimationListVC.swift */; };
		D41EE8D32AC8B5D2003D63EE /* Assets.xcassets in Resources */ = {isa = PBXBuildFile; fileRef = D41EE8D22AC8B5D2003D63EE /* Assets.xcassets */; };
		D41EE8D62AC8B5D2003D63EE /* LaunchScreen.storyboard in Resources */ = {isa = PBXBuildFile; fileRef = D41EE8D42AC8B5D2003D63EE /* LaunchScreen.storyboard */; };
		D41EE8DF2AC8F2B5003D63EE /* Realm in Frameworks */ = {isa = PBXBuildFile; productRef = D41EE8DE2AC8F2B5003D63EE /* Realm */; };
		D41EE8E12AC8F2B5003D63EE /* RealmSwift in Frameworks */ = {isa = PBXBuildFile; productRef = D41EE8E02AC8F2B5003D63EE /* RealmSwift */; };
		D41EE8E62AC8F44A003D63EE /* AnimationListModel.swift in Sources */ = {isa = PBXBuildFile; fileRef = D41EE8E52AC8F44A003D63EE /* AnimationListModel.swift */; };
		D41EE8E82AC8F56A003D63EE /* AnimationDetailVC.swift in Sources */ = {isa = PBXBuildFile; fileRef = D41EE8E72AC8F56A003D63EE /* AnimationDetailVC.swift */; };
		D41EE8EB2AC8F584003D63EE /* AnimationDetailModel.swift in Sources */ = {isa = PBXBuildFile; fileRef = D41EE8EA2AC8F584003D63EE /* AnimationDetailModel.swift */; };
		D41EE8ED2AC8F5C0003D63EE /* Animation.swift in Sources */ = {isa = PBXBuildFile; fileRef = D41EE8EC2AC8F5C0003D63EE /* Animation.swift */; };
		D41EE8EF2AC8F5C7003D63EE /* Frame.swift in Sources */ = {isa = PBXBuildFile; fileRef = D41EE8EE2AC8F5C7003D63EE /* Frame.swift */; };
		D41EE8F22AC8FBD7003D63EE /* SnapKit in Frameworks */ = {isa = PBXBuildFile; productRef = D41EE8F12AC8FBD7003D63EE /* SnapKit */; };
		D41EE8F62AC8FC04003D63EE /* Line.swift in Sources */ = {isa = PBXBuildFile; fileRef = D41EE8F52AC8FC04003D63EE /* Line.swift */; };
		D41EE8F92AC8FD2E003D63EE /* SwiftyJSON in Frameworks */ = {isa = PBXBuildFile; productRef = D41EE8F82AC8FD2E003D63EE /* SwiftyJSON */; };
		D41EE8FD2AC91327003D63EE /* DBManager.swift in Sources */ = {isa = PBXBuildFile; fileRef = D41EE8FC2AC91327003D63EE /* DBManager.swift */; };
		D41EE9012AC91370003D63EE /* IntExtension.swift in Sources */ = {isa = PBXBuildFile; fileRef = D41EE9002AC91370003D63EE /* IntExtension.swift */; };
		D41EE9032AC9146D003D63EE /* UIExtension.swift in Sources */ = {isa = PBXBuildFile; fileRef = D41EE9022AC9146D003D63EE /* UIExtension.swift */; };
		D41EE9052AC914C5003D63EE /* AnimationCell.swift in Sources */ = {isa = PBXBuildFile; fileRef = D41EE9042AC914C5003D63EE /* AnimationCell.swift */; };
		D41EE9072AC914E3003D63EE /* ColorExtension.swift in Sources */ = {isa = PBXBuildFile; fileRef = D41EE9062AC914E3003D63EE /* ColorExtension.swift */; };
		D41EE9092AC92976003D63EE /* CustomWindow.swift in Sources */ = {isa = PBXBuildFile; fileRef = D41EE9082AC92976003D63EE /* CustomWindow.swift */; };
		D41EE9112ACA34C0003D63EE /* AnimationDetailFrameCell.swift in Sources */ = {isa = PBXBuildFile; fileRef = D41EE9102ACA34C0003D63EE /* AnimationDetailFrameCell.swift */; };
		D41EE9132ACA3A87003D63EE /* AnimationDetailBottomView.swift in Sources */ = {isa = PBXBuildFile; fileRef = D41EE9122ACA3A87003D63EE /* AnimationDetailBottomView.swift */; };
/* End PBXBuildFile section */

/* Begin PBXFileReference section */
		D41EE8C62AC8B5D0003D63EE /* Flipped.app */ = {isa = PBXFileReference; explicitFileType = wrapper.application; includeInIndex = 0; path = Flipped.app; sourceTree = BUILT_PRODUCTS_DIR; };
		D41EE8C92AC8B5D0003D63EE /* AppDelegate.swift */ = {isa = PBXFileReference; lastKnownFileType = sourcecode.swift; path = AppDelegate.swift; sourceTree = "<group>"; };
		D41EE8CB2AC8B5D0003D63EE /* SceneDelegate.swift */ = {isa = PBXFileReference; lastKnownFileType = sourcecode.swift; path = SceneDelegate.swift; sourceTree = "<group>"; };
		D41EE8CD2AC8B5D0003D63EE /* AnimationListVC.swift */ = {isa = PBXFileReference; lastKnownFileType = sourcecode.swift; path = AnimationListVC.swift; sourceTree = "<group>"; };
		D41EE8D22AC8B5D2003D63EE /* Assets.xcassets */ = {isa = PBXFileReference; lastKnownFileType = folder.assetcatalog; path = Assets.xcassets; sourceTree = "<group>"; };
		D41EE8D52AC8B5D2003D63EE /* Base */ = {isa = PBXFileReference; lastKnownFileType = file.storyboard; name = Base; path = Base.lproj/LaunchScreen.storyboard; sourceTree = "<group>"; };
		D41EE8D72AC8B5D2003D63EE /* Info.plist */ = {isa = PBXFileReference; lastKnownFileType = text.plist.xml; path = Info.plist; sourceTree = "<group>"; };
		D41EE8E52AC8F44A003D63EE /* AnimationListModel.swift */ = {isa = PBXFileReference; lastKnownFileType = sourcecode.swift; path = AnimationListModel.swift; sourceTree = "<group>"; };
		D41EE8E72AC8F56A003D63EE /* AnimationDetailVC.swift */ = {isa = PBXFileReference; lastKnownFileType = sourcecode.swift; path = AnimationDetailVC.swift; sourceTree = "<group>"; };
		D41EE8EA2AC8F584003D63EE /* AnimationDetailModel.swift */ = {isa = PBXFileReference; lastKnownFileType = sourcecode.swift; path = AnimationDetailModel.swift; sourceTree = "<group>"; };
		D41EE8EC2AC8F5C0003D63EE /* Animation.swift */ = {isa = PBXFileReference; lastKnownFileType = sourcecode.swift; path = Animation.swift; sourceTree = "<group>"; };
		D41EE8EE2AC8F5C7003D63EE /* Frame.swift */ = {isa = PBXFileReference; lastKnownFileType = sourcecode.swift; path = Frame.swift; sourceTree = "<group>"; };
		D41EE8F52AC8FC04003D63EE /* Line.swift */ = {isa = PBXFileReference; lastKnownFileType = sourcecode.swift; path = Line.swift; sourceTree = "<group>"; };
		D41EE8FC2AC91327003D63EE /* DBManager.swift */ = {isa = PBXFileReference; lastKnownFileType = sourcecode.swift; path = DBManager.swift; sourceTree = "<group>"; };
		D41EE9002AC91370003D63EE /* IntExtension.swift */ = {isa = PBXFileReference; lastKnownFileType = sourcecode.swift; path = IntExtension.swift; sourceTree = "<group>"; };
		D41EE9022AC9146D003D63EE /* UIExtension.swift */ = {isa = PBXFileReference; lastKnownFileType = sourcecode.swift; path = UIExtension.swift; sourceTree = "<group>"; };
		D41EE9042AC914C5003D63EE /* AnimationCell.swift */ = {isa = PBXFileReference; lastKnownFileType = sourcecode.swift; path = AnimationCell.swift; sourceTree = "<group>"; };
		D41EE9062AC914E3003D63EE /* ColorExtension.swift */ = {isa = PBXFileReference; lastKnownFileType = sourcecode.swift; path = ColorExtension.swift; sourceTree = "<group>"; };
		D41EE9082AC92976003D63EE /* CustomWindow.swift */ = {isa = PBXFileReference; lastKnownFileType = sourcecode.swift; path = CustomWindow.swift; sourceTree = "<group>"; };
		D41EE9102ACA34C0003D63EE /* AnimationDetailFrameCell.swift */ = {isa = PBXFileReference; lastKnownFileType = sourcecode.swift; path = AnimationDetailFrameCell.swift; sourceTree = "<group>"; };
		D41EE9122ACA3A87003D63EE /* AnimationDetailBottomView.swift */ = {isa = PBXFileReference; lastKnownFileType = sourcecode.swift; path = AnimationDetailBottomView.swift; sourceTree = "<group>"; };
/* End PBXFileReference section */

/* Begin PBXFrameworksBuildPhase section */
		D41EE8C32AC8B5D0003D63EE /* Frameworks */ = {
			isa = PBXFrameworksBuildPhase;
			buildActionMask = 2147483647;
			files = (
				D41EE8F22AC8FBD7003D63EE /* SnapKit in Frameworks */,
				D41EE8E12AC8F2B5003D63EE /* RealmSwift in Frameworks */,
				D41EE8DF2AC8F2B5003D63EE /* Realm in Frameworks */,
				D41EE8F92AC8FD2E003D63EE /* SwiftyJSON in Frameworks */,
			);
			runOnlyForDeploymentPostprocessing = 0;
		};
/* End PBXFrameworksBuildPhase section */

/* Begin PBXGroup section */
		D41EE8BD2AC8B5D0003D63EE = {
			isa = PBXGroup;
			children = (
				D41EE8C82AC8B5D0003D63EE /* Flipped */,
				D41EE8C72AC8B5D0003D63EE /* Products */,
			);
			sourceTree = "<group>";
		};
		D41EE8C72AC8B5D0003D63EE /* Products */ = {
			isa = PBXGroup;
			children = (
				D41EE8C62AC8B5D0003D63EE /* Flipped.app */,
			);
			name = Products;
			sourceTree = "<group>";
		};
		D41EE8C82AC8B5D0003D63EE /* Flipped */ = {
			isa = PBXGroup;
			children = (
				D41EE8C92AC8B5D0003D63EE /* AppDelegate.swift */,
				D41EE8CB2AC8B5D0003D63EE /* SceneDelegate.swift */,
				D41EE9082AC92976003D63EE /* CustomWindow.swift */,
				D41EE8FB2AC9131C003D63EE /* Extensions */,
				D41EE8FA2AC9131C003D63EE /* Managers */,
				D41EE8E32AC8F3BC003D63EE /* RealmModels */,
				D41EE8E22AC8F3BC003D63EE /* VCs */,
				D41EE8D22AC8B5D2003D63EE /* Assets.xcassets */,
				D41EE8D42AC8B5D2003D63EE /* LaunchScreen.storyboard */,
				D41EE8D72AC8B5D2003D63EE /* Info.plist */,
			);
			path = Flipped;
			sourceTree = "<group>";
		};
		D41EE8E22AC8F3BC003D63EE /* VCs */ = {
			isa = PBXGroup;
			children = (
				D41EE8E42AC8F437003D63EE /* AnimationList */,
				D41EE8E92AC8F570003D63EE /* AnimationDetail */,
			);
			path = VCs;
			sourceTree = "<group>";
		};
		D41EE8E32AC8F3BC003D63EE /* RealmModels */ = {
			isa = PBXGroup;
			children = (
				D41EE8EC2AC8F5C0003D63EE /* Animation.swift */,
				D41EE8EE2AC8F5C7003D63EE /* Frame.swift */,
				D41EE8F52AC8FC04003D63EE /* Line.swift */,
			);
			path = RealmModels;
			sourceTree = "<group>";
		};
		D41EE8E42AC8F437003D63EE /* AnimationList */ = {
			isa = PBXGroup;
			children = (
				D41EE8CD2AC8B5D0003D63EE /* AnimationListVC.swift */,
				D41EE9042AC914C5003D63EE /* AnimationCell.swift */,
				D41EE8E52AC8F44A003D63EE /* AnimationListModel.swift */,
			);
			path = AnimationList;
			sourceTree = "<group>";
		};
		D41EE8E92AC8F570003D63EE /* AnimationDetail */ = {
			isa = PBXGroup;
			children = (
				D41EE8E72AC8F56A003D63EE /* AnimationDetailVC.swift */,
				D41EE9122ACA3A87003D63EE /* AnimationDetailBottomView.swift */,
				D41EE9102ACA34C0003D63EE /* AnimationDetailFrameCell.swift */,
				D41EE8EA2AC8F584003D63EE /* AnimationDetailModel.swift */,
			);
			path = AnimationDetail;
			sourceTree = "<group>";
		};
		D41EE8FA2AC9131C003D63EE /* Managers */ = {
			isa = PBXGroup;
			children = (
				D41EE8FC2AC91327003D63EE /* DBManager.swift */,
			);
			path = Managers;
			sourceTree = "<group>";
		};
		D41EE8FB2AC9131C003D63EE /* Extensions */ = {
			isa = PBXGroup;
			children = (
				D41EE9002AC91370003D63EE /* IntExtension.swift */,
				D41EE9022AC9146D003D63EE /* UIExtension.swift */,
				D41EE9062AC914E3003D63EE /* ColorExtension.swift */,
			);
			path = Extensions;
			sourceTree = "<group>";
		};
/* End PBXGroup section */

/* Begin PBXNativeTarget section */
		D41EE8C52AC8B5D0003D63EE /* Flipped */ = {
			isa = PBXNativeTarget;
			buildConfigurationList = D41EE8DA2AC8B5D2003D63EE /* Build configuration list for PBXNativeTarget "Flipped" */;
			buildPhases = (
				D41EE8C22AC8B5D0003D63EE /* Sources */,
				D41EE8C32AC8B5D0003D63EE /* Frameworks */,
				D41EE8C42AC8B5D0003D63EE /* Resources */,
			);
			buildRules = (
			);
			dependencies = (
			);
			name = Flipped;
			packageProductDependencies = (
				D41EE8DE2AC8F2B5003D63EE /* Realm */,
				D41EE8E02AC8F2B5003D63EE /* RealmSwift */,
				D41EE8F12AC8FBD7003D63EE /* SnapKit */,
				D41EE8F82AC8FD2E003D63EE /* SwiftyJSON */,
			);
			productName = Flipped;
			productReference = D41EE8C62AC8B5D0003D63EE /* Flipped.app */;
			productType = "com.apple.product-type.application";
		};
/* End PBXNativeTarget section */

/* Begin PBXProject section */
		D41EE8BE2AC8B5D0003D63EE /* Project object */ = {
			isa = PBXProject;
			attributes = {
				BuildIndependentTargetsInParallel = 1;
				LastSwiftUpdateCheck = 1500;
				LastUpgradeCheck = 1500;
				TargetAttributes = {
					D41EE8C52AC8B5D0003D63EE = {
						CreatedOnToolsVersion = 15.0;
					};
				};
			};
			buildConfigurationList = D41EE8C12AC8B5D0003D63EE /* Build configuration list for PBXProject "Flipped" */;
			compatibilityVersion = "Xcode 14.0";
			developmentRegion = en;
			hasScannedForEncodings = 0;
			knownRegions = (
				en,
				Base,
			);
			mainGroup = D41EE8BD2AC8B5D0003D63EE;
			packageReferences = (
				D41EE8DD2AC8F2B5003D63EE /* XCRemoteSwiftPackageReference "realm-swift" */,
				D41EE8F02AC8FBD7003D63EE /* XCRemoteSwiftPackageReference "SnapKit" */,
				D41EE8F72AC8FD2E003D63EE /* XCRemoteSwiftPackageReference "SwiftyJSON" */,
			);
			productRefGroup = D41EE8C72AC8B5D0003D63EE /* Products */;
			projectDirPath = "";
			projectRoot = "";
			targets = (
				D41EE8C52AC8B5D0003D63EE /* Flipped */,
			);
		};
/* End PBXProject section */

/* Begin PBXResourcesBuildPhase section */
		D41EE8C42AC8B5D0003D63EE /* Resources */ = {
			isa = PBXResourcesBuildPhase;
			buildActionMask = 2147483647;
			files = (
				D41EE8D62AC8B5D2003D63EE /* LaunchScreen.storyboard in Resources */,
				D41EE8D32AC8B5D2003D63EE /* Assets.xcassets in Resources */,
			);
			runOnlyForDeploymentPostprocessing = 0;
		};
/* End PBXResourcesBuildPhase section */

/* Begin PBXSourcesBuildPhase section */
		D41EE8C22AC8B5D0003D63EE /* Sources */ = {
			isa = PBXSourcesBuildPhase;
			buildActionMask = 2147483647;
			files = (
				D41EE8CE2AC8B5D0003D63EE /* AnimationListVC.swift in Sources */,
				D41EE8F62AC8FC04003D63EE /* Line.swift in Sources */,
				D41EE8EF2AC8F5C7003D63EE /* Frame.swift in Sources */,
				D41EE8EB2AC8F584003D63EE /* AnimationDetailModel.swift in Sources */,
				D41EE9132ACA3A87003D63EE /* AnimationDetailBottomView.swift in Sources */,
				D41EE9012AC91370003D63EE /* IntExtension.swift in Sources */,
				D41EE9072AC914E3003D63EE /* ColorExtension.swift in Sources */,
				D41EE8CA2AC8B5D0003D63EE /* AppDelegate.swift in Sources */,
				D41EE9112ACA34C0003D63EE /* AnimationDetailFrameCell.swift in Sources */,
				D41EE8FD2AC91327003D63EE /* DBManager.swift in Sources */,
				D41EE9092AC92976003D63EE /* CustomWindow.swift in Sources */,
				D41EE9032AC9146D003D63EE /* UIExtension.swift in Sources */,
				D41EE9052AC914C5003D63EE /* AnimationCell.swift in Sources */,
				D41EE8E82AC8F56A003D63EE /* AnimationDetailVC.swift in Sources */,
				D41EE8CC2AC8B5D0003D63EE /* SceneDelegate.swift in Sources */,
				D41EE8ED2AC8F5C0003D63EE /* Animation.swift in Sources */,
				D41EE8E62AC8F44A003D63EE /* AnimationListModel.swift in Sources */,
			);
			runOnlyForDeploymentPostprocessing = 0;
		};
/* End PBXSourcesBuildPhase section */

/* Begin PBXVariantGroup section */
		D41EE8D42AC8B5D2003D63EE /* LaunchScreen.storyboard */ = {
			isa = PBXVariantGroup;
			children = (
				D41EE8D52AC8B5D2003D63EE /* Base */,
			);
			name = LaunchScreen.storyboard;
			sourceTree = "<group>";
		};
/* End PBXVariantGroup section */

/* Begin XCBuildConfiguration section */
		D41EE8D82AC8B5D2003D63EE /* Debug */ = {
			isa = XCBuildConfiguration;
			buildSettings = {
				ALWAYS_SEARCH_USER_PATHS = NO;
				ASSETCATALOG_COMPILER_GENERATE_SWIFT_ASSET_SYMBOL_EXTENSIONS = YES;
				CLANG_ANALYZER_NONNULL = YES;
				CLANG_ANALYZER_NUMBER_OBJECT_CONVERSION = YES_AGGRESSIVE;
				CLANG_CXX_LANGUAGE_STANDARD = "gnu++20";
				CLANG_ENABLE_MODULES = YES;
				CLANG_ENABLE_OBJC_ARC = YES;
				CLANG_ENABLE_OBJC_WEAK = YES;
				CLANG_WARN_BLOCK_CAPTURE_AUTORELEASING = YES;
				CLANG_WARN_BOOL_CONVERSION = YES;
				CLANG_WARN_COMMA = YES;
				CLANG_WARN_CONSTANT_CONVERSION = YES;
				CLANG_WARN_DEPRECATED_OBJC_IMPLEMENTATIONS = YES;
				CLANG_WARN_DIRECT_OBJC_ISA_USAGE = YES_ERROR;
				CLANG_WARN_DOCUMENTATION_COMMENTS = YES;
				CLANG_WARN_EMPTY_BODY = YES;
				CLANG_WARN_ENUM_CONVERSION = YES;
				CLANG_WARN_INFINITE_RECURSION = YES;
				CLANG_WARN_INT_CONVERSION = YES;
				CLANG_WARN_NON_LITERAL_NULL_CONVERSION = YES;
				CLANG_WARN_OBJC_IMPLICIT_RETAIN_SELF = YES;
				CLANG_WARN_OBJC_LITERAL_CONVERSION = YES;
				CLANG_WARN_OBJC_ROOT_CLASS = YES_ERROR;
				CLANG_WARN_QUOTED_INCLUDE_IN_FRAMEWORK_HEADER = YES;
				CLANG_WARN_RANGE_LOOP_ANALYSIS = YES;
				CLANG_WARN_STRICT_PROTOTYPES = YES;
				CLANG_WARN_SUSPICIOUS_MOVE = YES;
				CLANG_WARN_UNGUARDED_AVAILABILITY = YES_AGGRESSIVE;
				CLANG_WARN_UNREACHABLE_CODE = YES;
				CLANG_WARN__DUPLICATE_METHOD_MATCH = YES;
				COPY_PHASE_STRIP = NO;
				DEBUG_INFORMATION_FORMAT = dwarf;
				ENABLE_STRICT_OBJC_MSGSEND = YES;
				ENABLE_TESTABILITY = YES;
				ENABLE_USER_SCRIPT_SANDBOXING = YES;
				GCC_C_LANGUAGE_STANDARD = gnu17;
				GCC_DYNAMIC_NO_PIC = NO;
				GCC_NO_COMMON_BLOCKS = YES;
				GCC_OPTIMIZATION_LEVEL = 0;
				GCC_PREPROCESSOR_DEFINITIONS = (
					"DEBUG=1",
					"$(inherited)",
				);
				GCC_WARN_64_TO_32_BIT_CONVERSION = YES;
				GCC_WARN_ABOUT_RETURN_TYPE = YES_ERROR;
				GCC_WARN_UNDECLARED_SELECTOR = YES;
				GCC_WARN_UNINITIALIZED_AUTOS = YES_AGGRESSIVE;
				GCC_WARN_UNUSED_FUNCTION = YES;
				GCC_WARN_UNUSED_VARIABLE = YES;
				IPHONEOS_DEPLOYMENT_TARGET = 17.0;
				LOCALIZATION_PREFERS_STRING_CATALOGS = YES;
				MTL_ENABLE_DEBUG_INFO = INCLUDE_SOURCE;
				MTL_FAST_MATH = YES;
				ONLY_ACTIVE_ARCH = YES;
				SDKROOT = iphoneos;
				SWIFT_ACTIVE_COMPILATION_CONDITIONS = "DEBUG $(inherited)";
				SWIFT_OPTIMIZATION_LEVEL = "-Onone";
			};
			name = Debug;
		};
		D41EE8D92AC8B5D2003D63EE /* Release */ = {
			isa = XCBuildConfiguration;
			buildSettings = {
				ALWAYS_SEARCH_USER_PATHS = NO;
				ASSETCATALOG_COMPILER_GENERATE_SWIFT_ASSET_SYMBOL_EXTENSIONS = YES;
				CLANG_ANALYZER_NONNULL = YES;
				CLANG_ANALYZER_NUMBER_OBJECT_CONVERSION = YES_AGGRESSIVE;
				CLANG_CXX_LANGUAGE_STANDARD = "gnu++20";
				CLANG_ENABLE_MODULES = YES;
				CLANG_ENABLE_OBJC_ARC = YES;
				CLANG_ENABLE_OBJC_WEAK = YES;
				CLANG_WARN_BLOCK_CAPTURE_AUTORELEASING = YES;
				CLANG_WARN_BOOL_CONVERSION = YES;
				CLANG_WARN_COMMA = YES;
				CLANG_WARN_CONSTANT_CONVERSION = YES;
				CLANG_WARN_DEPRECATED_OBJC_IMPLEMENTATIONS = YES;
				CLANG_WARN_DIRECT_OBJC_ISA_USAGE = YES_ERROR;
				CLANG_WARN_DOCUMENTATION_COMMENTS = YES;
				CLANG_WARN_EMPTY_BODY = YES;
				CLANG_WARN_ENUM_CONVERSION = YES;
				CLANG_WARN_INFINITE_RECURSION = YES;
				CLANG_WARN_INT_CONVERSION = YES;
				CLANG_WARN_NON_LITERAL_NULL_CONVERSION = YES;
				CLANG_WARN_OBJC_IMPLICIT_RETAIN_SELF = YES;
				CLANG_WARN_OBJC_LITERAL_CONVERSION = YES;
				CLANG_WARN_OBJC_ROOT_CLASS = YES_ERROR;
				CLANG_WARN_QUOTED_INCLUDE_IN_FRAMEWORK_HEADER = YES;
				CLANG_WARN_RANGE_LOOP_ANALYSIS = YES;
				CLANG_WARN_STRICT_PROTOTYPES = YES;
				CLANG_WARN_SUSPICIOUS_MOVE = YES;
				CLANG_WARN_UNGUARDED_AVAILABILITY = YES_AGGRESSIVE;
				CLANG_WARN_UNREACHABLE_CODE = YES;
				CLANG_WARN__DUPLICATE_METHOD_MATCH = YES;
				COPY_PHASE_STRIP = NO;
				DEBUG_INFORMATION_FORMAT = "dwarf-with-dsym";
				ENABLE_NS_ASSERTIONS = NO;
				ENABLE_STRICT_OBJC_MSGSEND = YES;
				ENABLE_USER_SCRIPT_SANDBOXING = YES;
				GCC_C_LANGUAGE_STANDARD = gnu17;
				GCC_NO_COMMON_BLOCKS = YES;
				GCC_WARN_64_TO_32_BIT_CONVERSION = YES;
				GCC_WARN_ABOUT_RETURN_TYPE = YES_ERROR;
				GCC_WARN_UNDECLARED_SELECTOR = YES;
				GCC_WARN_UNINITIALIZED_AUTOS = YES_AGGRESSIVE;
				GCC_WARN_UNUSED_FUNCTION = YES;
				GCC_WARN_UNUSED_VARIABLE = YES;
				IPHONEOS_DEPLOYMENT_TARGET = 17.0;
				LOCALIZATION_PREFERS_STRING_CATALOGS = YES;
				MTL_ENABLE_DEBUG_INFO = NO;
				MTL_FAST_MATH = YES;
				SDKROOT = iphoneos;
				SWIFT_COMPILATION_MODE = wholemodule;
				VALIDATE_PRODUCT = YES;
			};
			name = Release;
		};
		D41EE8DB2AC8B5D2003D63EE /* Debug */ = {
			isa = XCBuildConfiguration;
			buildSettings = {
				ASSETCATALOG_COMPILER_APPICON_NAME = AppIcon;
				ASSETCATALOG_COMPILER_GLOBAL_ACCENT_COLOR_NAME = AccentColor;
				CODE_SIGN_IDENTITY = "Apple Development";
				CODE_SIGN_STYLE = Automatic;
				CURRENT_PROJECT_VERSION = 1;
				DEVELOPMENT_TEAM = 58Y52HZJBF;
				GENERATE_INFOPLIST_FILE = YES;
				INFOPLIST_FILE = Flipped/Info.plist;
				INFOPLIST_KEY_UIApplicationSupportsIndirectInputEvents = YES;
				INFOPLIST_KEY_UILaunchStoryboardName = LaunchScreen;
				INFOPLIST_KEY_UIMainStoryboardFile = "";
				INFOPLIST_KEY_UISupportedInterfaceOrientations = "UIInterfaceOrientationLandscapeLeft UIInterfaceOrientationLandscapeRight UIInterfaceOrientationPortrait";
				INFOPLIST_KEY_UISupportedInterfaceOrientations_iPad = "UIInterfaceOrientationLandscapeLeft UIInterfaceOrientationLandscapeRight UIInterfaceOrientationPortrait UIInterfaceOrientationPortraitUpsideDown";
				LD_RUNPATH_SEARCH_PATHS = (
					"$(inherited)",
					"@executable_path/Frameworks",
				);
				MARKETING_VERSION = 1.0;
				PRODUCT_BUNDLE_IDENTIFIER = com.test.testapp;
				PRODUCT_NAME = "$(TARGET_NAME)";
				PROVISIONING_PROFILE_SPECIFIER = "";
				SUPPORTED_PLATFORMS = "iphoneos iphonesimulator";
				SUPPORTS_MACCATALYST = NO;
				SWIFT_EMIT_LOC_STRINGS = YES;
				SWIFT_VERSION = 5.0;
				TARGETED_DEVICE_FAMILY = "1,2";
			};
			name = Debug;
		};
		D41EE8DC2AC8B5D2003D63EE /* Release */ = {
			isa = XCBuildConfiguration;
			buildSettings = {
				ASSETCATALOG_COMPILER_APPICON_NAME = AppIcon;
				ASSETCATALOG_COMPILER_GLOBAL_ACCENT_COLOR_NAME = AccentColor;
				CODE_SIGN_IDENTITY = "Apple Development";
				CODE_SIGN_STYLE = Automatic;
				CURRENT_PROJECT_VERSION = 1;
				DEVELOPMENT_TEAM = 58Y52HZJBF;
				GENERATE_INFOPLIST_FILE = YES;
				INFOPLIST_FILE = Flipped/Info.plist;
				INFOPLIST_KEY_UIApplicationSupportsIndirectInputEvents = YES;
				INFOPLIST_KEY_UILaunchStoryboardName = LaunchScreen;
				INFOPLIST_KEY_UIMainStoryboardFile = "";
				INFOPLIST_KEY_UISupportedInterfaceOrientations = "UIInterfaceOrientationLandscapeLeft UIInterfaceOrientationLandscapeRight UIInterfaceOrientationPortrait";
				INFOPLIST_KEY_UISupportedInterfaceOrientations_iPad = "UIInterfaceOrientationLandscapeLeft UIInterfaceOrientationLandscapeRight UIInterfaceOrientationPortrait UIInterfaceOrientationPortraitUpsideDown";
				LD_RUNPATH_SEARCH_PATHS = (
					"$(inherited)",
					"@executable_path/Frameworks",
				);
				MARKETING_VERSION = 1.0;
				PRODUCT_BUNDLE_IDENTIFIER = com.test.testapp;
				PRODUCT_NAME = "$(TARGET_NAME)";
				PROVISIONING_PROFILE_SPECIFIER = "";
				SUPPORTED_PLATFORMS = "iphoneos iphonesimulator";
				SUPPORTS_MACCATALYST = NO;
				SWIFT_EMIT_LOC_STRINGS = YES;
				SWIFT_VERSION = 5.0;
				TARGETED_DEVICE_FAMILY = "1,2";
			};
			name = Release;
		};
/* End XCBuildConfiguration section */

/* Begin XCConfigurationList section */
		D41EE8C12AC8B5D0003D63EE /* Build configuration list for PBXProject "Flipped" */ = {
			isa = XCConfigurationList;
			buildConfigurations = (
				D41EE8D82AC8B5D2003D63EE /* Debug */,
				D41EE8D92AC8B5D2003D63EE /* Release */,
			);
			defaultConfigurationIsVisible = 0;
			defaultConfigurationName = Release;
		};
		D41EE8DA2AC8B5D2003D63EE /* Build configuration list for PBXNativeTarget "Flipped" */ = {
			isa = XCConfigurationList;
			buildConfigurations = (
				D41EE8DB2AC8B5D2003D63EE /* Debug */,
				D41EE8DC2AC8B5D2003D63EE /* Release */,
			);
			defaultConfigurationIsVisible = 0;
			defaultConfigurationName = Release;
		};
/* End XCConfigurationList section */

/* Begin XCRemoteSwiftPackageReference section */
		D41EE8DD2AC8F2B5003D63EE /* XCRemoteSwiftPackageReference "realm-swift" */ = {
			isa = XCRemoteSwiftPackageReference;
			repositoryURL = "https://github.com/realm/realm-swift.git";
			requirement = {
				branch = master;
				kind = branch;
			};
		};
		D41EE8F02AC8FBD7003D63EE /* XCRemoteSwiftPackageReference "SnapKit" */ = {
			isa = XCRemoteSwiftPackageReference;
			repositoryURL = "https://github.com/SnapKit/SnapKit.git";
			requirement = {
				kind = exactVersion;
				version = 5.6.0;
			};
		};
		D41EE8F72AC8FD2E003D63EE /* XCRemoteSwiftPackageReference "SwiftyJSON" */ = {
			isa = XCRemoteSwiftPackageReference;
			repositoryURL = "https://github.com/SwiftyJSON/SwiftyJSON.git";
			requirement = {
				kind = exactVersion;
				version = 5.0.1;
			};
		};
/* End XCRemoteSwiftPackageReference section */

/* Begin XCSwiftPackageProductDependency section */
		D41EE8DE2AC8F2B5003D63EE /* Realm */ = {
			isa = XCSwiftPackageProductDependency;
			package = D41EE8DD2AC8F2B5003D63EE /* XCRemoteSwiftPackageReference "realm-swift" */;
			productName = Realm;
		};
		D41EE8E02AC8F2B5003D63EE /* RealmSwift */ = {
			isa = XCSwiftPackageProductDependency;
			package = D41EE8DD2AC8F2B5003D63EE /* XCRemoteSwiftPackageReference "realm-swift" */;
			productName = RealmSwift;
		};
		D41EE8F12AC8FBD7003D63EE /* SnapKit */ = {
			isa = XCSwiftPackageProductDependency;
			package = D41EE8F02AC8FBD7003D63EE /* XCRemoteSwiftPackageReference "SnapKit" */;
			productName = SnapKit;
		};
		D41EE8F82AC8FD2E003D63EE /* SwiftyJSON */ = {
			isa = XCSwiftPackageProductDependency;
			package = D41EE8F72AC8FD2E003D63EE /* XCRemoteSwiftPackageReference "SwiftyJSON" */;
			productName = SwiftyJSON;
		};
/* End XCSwiftPackageProductDependency section */
	};
	rootObject = D41EE8BE2AC8B5D0003D63EE /* Project object */;
}
